
Microsoft Visual Studio Solution File, Format Version 12.00
# Visual Studio Version 17
VisualStudioVersion = 17.5.33516.290
MinimumVisualStudioVersion = 10.0.40219.1
Project("{2150E333-8FDC-42A3-9474-1A3956D46DE8}") = "Apps", "Apps", "{9EF5848D-6DDE-4ACF-88C1-EA974FE563F2}"
EndProject
Project("{2150E333-8FDC-42A3-9474-1A3956D46DE8}") = "RongCheng", "RongCheng", "{DA7AE1EA-EAF0-4FC8-B249-A340340AAE7F}"
EndProject
Project("{9A19103F-16F7-4668-BE54-9A1E7A4F7556}") = "RongChengAppTest", "Apps\RongCheng\RongChengAppTest\RongChengAppTest.csproj", "{BC0FCF86-3CD2-466E-AB90-1842D6610195}"
EndProject
Project("{9A19103F-16F7-4668-BE54-9A1E7A4F7556}") = "RongChengApp", "Apps\RongCheng\RongChengApp\RongChengApp.csproj", "{605C370A-084C-4175-8427-31C9C4137BCD}"
EndProject
Global
	GlobalSection(SolutionConfigurationPlatforms) = preSolution
		Debug|Any CPU = Debug|Any CPU
		Release|Any CPU = Release|Any CPU
	EndGlobalSection
	GlobalSection(ProjectConfigurationPlatforms) = postSolution
		{BC0FCF86-3CD2-466E-AB90-1842D6610195}.Debug|Any CPU.ActiveCfg = Debug|Any CPU
		{BC0FCF86-3CD2-466E-AB90-1842D6610195}.Debug|Any CPU.Build.0 = Debug|Any CPU
		{BC0FCF86-3CD2-466E-AB90-1842D6610195}.Release|Any CPU.ActiveCfg = Release|Any CPU
		{BC0FCF86-3CD2-466E-AB90-1842D6610195}.Release|Any CPU.Build.0 = Release|Any CPU
		{605C370A-084C-4175-8427-31C9C4137BCD}.Debug|Any CPU.ActiveCfg = Debug|Any CPU
		{605C370A-084C-4175-8427-31C9C4137BCD}.Debug|Any CPU.Build.0 = Debug|Any CPU
		{605C370A-084C-4175-8427-31C9C4137BCD}.Release|Any CPU.ActiveCfg = Release|Any CPU
		{605C370A-084C-4175-8427-31C9C4137BCD}.Release|Any CPU.Build.0 = Release|Any CPU
	EndGlobalSection
	GlobalSection(SolutionProperties) = preSolution
		HideSolutionNode = FALSE
	EndGlobalSection
	GlobalSection(NestedProjects) = preSolution
		{DA7AE1EA-EAF0-4FC8-B249-A340340AAE7F} = {9EF5848D-6DDE-4ACF-88C1-EA974FE563F2}
		{BC0FCF86-3CD2-466E-AB90-1842D6610195} = {DA7AE1EA-EAF0-4FC8-B249-A340340AAE7F}
		{605C370A-084C-4175-8427-31C9C4137BCD} = {DA7AE1EA-EAF0-4FC8-B249-A340340AAE7F}
	EndGlobalSection
	GlobalSection(ExtensibilityGlobals) = postSolution
		SolutionGuid = {E70E453D-6A25-4F82-A911-EBEC319B2740}
	EndGlobalSection
EndGlobal
