
Microsoft Visual Studio Solution File, Format Version 12.00
# Visual Studio Version 17
VisualStudioVersion = 17.4.33213.308
MinimumVisualStudioVersion = 10.0.40219.1
Project("{9A19103F-16F7-4668-BE54-9A1E7A4F7556}") = "RongChengApp", "RongChengApp.csproj", "{9127F7EE-EA47-4E0D-86B4-B157308A021C}"
EndProject
Global
	GlobalSection(SolutionConfigurationPlatforms) = preSolution
		Debug|Any CPU = Debug|Any CPU
		Release|Any CPU = Release|Any CPU
	EndGlobalSection
	GlobalSection(ProjectConfigurationPlatforms) = postSolution
		{9127F7EE-EA47-4E0D-86B4-B157308A021C}.Debug|Any CPU.ActiveCfg = Debug|Any CPU
		{9127F7EE-EA47-4E0D-86B4-B157308A021C}.Debug|Any CPU.Build.0 = Debug|Any CPU
		{9127F7EE-EA47-4E0D-86B4-B157308A021C}.Release|Any CPU.ActiveCfg = Release|Any CPU
		{9127F7EE-EA47-4E0D-86B4-B157308A021C}.Release|Any CPU.Build.0 = Release|Any CPU
	EndGlobalSection
	GlobalSection(SolutionProperties) = preSolution
		HideSolutionNode = FALSE
	EndGlobalSection
	GlobalSection(ExtensibilityGlobals) = postSolution
		SolutionGuid = {C7554038-09F1-4DEF-BB2B-13FA5075112D}
	EndGlobalSection
EndGlobal
